
Microsoft Visual Studio Solution File, Format Version 12.00
# Visual Studio Version 16
VisualStudioVersion = 16.0.30611.23
MinimumVisualStudioVersion = 10.0.40219.1
Project("{FAE04EC0-301F-11D3-BF4B-00C04F79EFBC}") = "Tetris", "Tetris.csproj", "{7D471E14-CD07-4C06-99B4-88ED8F592718}"
EndProject
Global
	GlobalSection(SolutionConfigurationPlatforms) = preSolution
		Debug|Any CPU = Debug|Any CPU
		Release|Any CPU = Release|Any CPU
	EndGlobalSection
	GlobalSection(ProjectConfigurationPlatforms) = postSolution
		{7D471E14-CD07-4C06-99B4-88ED8F592718}.Debug|Any CPU.ActiveCfg = Debug|Any CPU
		{7D471E14-CD07-4C06-99B4-88ED8F592718}.Debug|Any CPU.Build.0 = Debug|Any CPU
		{7D471E14-CD07-4C06-99B4-88ED8F592718}.Release|Any CPU.ActiveCfg = Release|Any CPU
		{7D471E14-CD07-4C06-99B4-88ED8F592718}.Release|Any CPU.Build.0 = Release|Any CPU
	EndGlobalSection
	GlobalSection(SolutionProperties) = preSolution
		HideSolutionNode = FALSE
	EndGlobalSection
	GlobalSection(ExtensibilityGlobals) = postSolution
		SolutionGuid = {20C90FBD-1788-4B2D-9880-EE39841092C7}
	EndGlobalSection
EndGlobal
